// !$*UTF8*$!
{
	archiveVersion = 1;
	classes = {
	};
	objectVersion = 56;
	objects = {

/* Begin PBXBuildFile section */
		BC0234A52A8CDD6A0044A927 /* AppDelegate.swift in Sources */ = {isa = PBXBuildFile; fileRef = BC0234A42A8CDD6A0044A927 /* AppDelegate.swift */; };
		BC0234A72A8CDD6A0044A927 /* SceneDelegate.swift in Sources */ = {isa = PBXBuildFile; fileRef = BC0234A62A8CDD6A0044A927 /* SceneDelegate.swift */; };
		BC0234A92A8CDD6A0044A927 /* ViewController.swift in Sources */ = {isa = PBXBuildFile; fileRef = BC0234A82A8CDD6A0044A927 /* ViewController.swift */; };
		BC0234AC2A8CDD6A0044A927 /* Main.storyboard in Resources */ = {isa = PBXBuildFile; fileRef = BC0234AA2A8CDD6A0044A927 /* Main.storyboard */; };
		BC0234AE2A8CDD6B0044A927 /* Assets.xcassets in Resources */ = {isa = PBXBuildFile; fileRef = BC0234AD2A8CDD6B0044A927 /* Assets.xcassets */; };
		BC0234B12A8CDD6B0044A927 /* LaunchScreen.storyboard in Resources */ = {isa = PBXBuildFile; fileRef = BC0234AF2A8CDD6B0044A927 /* LaunchScreen.storyboard */; };
		BC0234B92A8CE1430044A927 /* Petition.swift in Sources */ = {isa = PBXBuildFile; fileRef = BC0234B82A8CE1430044A927 /* Petition.swift */; };
		BC0234BB2A8CE1E70044A927 /* Petitions.swift in Sources */ = {isa = PBXBuildFile; fileRef = BC0234BA2A8CE1E70044A927 /* Petitions.swift */; };
		BC0234BD2A8CF0D40044A927 /* DetailViewController.swift in Sources */ = {isa = PBXBuildFile; fileRef = BC0234BC2A8CF0D40044A927 /* DetailViewController.swift */; };
/* End PBXBuildFile section */

/* Begin PBXFileReference section */
		BC0234A12A8CDD6A0044A927 /* petitionsProject.app */ = {isa = PBXFileReference; explicitFileType = wrapper.application; includeInIndex = 0; path = petitionsProject.app; sourceTree = BUILT_PRODUCTS_DIR; };
		BC0234A42A8CDD6A0044A927 /* AppDelegate.swift */ = {isa = PBXFileReference; lastKnownFileType = sourcecode.swift; path = AppDelegate.swift; sourceTree = "<group>"; };
		BC0234A62A8CDD6A0044A927 /* SceneDelegate.swift */ = {isa = PBXFileReference; lastKnownFileType = sourcecode.swift; path = SceneDelegate.swift; sourceTree = "<group>"; };
		BC0234A82A8CDD6A0044A927 /* ViewController.swift */ = {isa = PBXFileReference; lastKnownFileType = sourcecode.swift; path = ViewController.swift; sourceTree = "<group>"; };
		BC0234AB2A8CDD6A0044A927 /* Base */ = {isa = PBXFileReference; lastKnownFileType = file.storyboard; name = Base; path = Base.lproj/Main.storyboard; sourceTree = "<group>"; };
		BC0234AD2A8CDD6B0044A927 /* Assets.xcassets */ = {isa = PBXFileReference; lastKnownFileType = folder.assetcatalog; path = Assets.xcassets; sourceTree = "<group>"; };
		BC0234B02A8CDD6B0044A927 /* Base */ = {isa = PBXFileReference; lastKnownFileType = file.storyboard; name = Base; path = Base.lproj/LaunchScreen.storyboard; sourceTree = "<group>"; };
		BC0234B22A8CDD6B0044A927 /* Info.plist */ = {isa = PBXFileReference; lastKnownFileType = text.plist.xml; path = Info.plist; sourceTree = "<group>"; };
		BC0234B82A8CE1430044A927 /* Petition.swift */ = {isa = PBXFileReference; lastKnownFileType = sourcecode.swift; path = Petition.swift; sourceTree = "<group>"; };
		BC0234BA2A8CE1E70044A927 /* Petitions.swift */ = {isa = PBXFileReference; lastKnownFileType = sourcecode.swift; path = Petitions.swift; sourceTree = "<group>"; };
		BC0234BC2A8CF0D40044A927 /* DetailViewController.swift */ = {isa = PBXFileReference; lastKnownFileType = sourcecode.swift; path = DetailViewController.swift; sourceTree = "<group>"; };
/* End PBXFileReference section */

/* Begin PBXFrameworksBuildPhase section */
		BC02349E2A8CDD6A0044A927 /* Frameworks */ = {
			isa = PBXFrameworksBuildPhase;
			buildActionMask = 2147483647;
			files = (
			);
			runOnlyForDeploymentPostprocessing = 0;
		};
/* End PBXFrameworksBuildPhase section */

/* Begin PBXGroup section */
		BC0234982A8CDD6A0044A927 = {
			isa = PBXGroup;
			children = (
				BC0234A32A8CDD6A0044A927 /* petitionsProject */,
				BC0234A22A8CDD6A0044A927 /* Products */,
			);
			sourceTree = "<group>";
		};
		BC0234A22A8CDD6A0044A927 /* Products */ = {
			isa = PBXGroup;
			children = (
				BC0234A12A8CDD6A0044A927 /* petitionsProject.app */,
			);
			name = Products;
			sourceTree = "<group>";
		};
		BC0234A32A8CDD6A0044A927 /* petitionsProject */ = {
			isa = PBXGroup;
			children = (
				BC0234A42A8CDD6A0044A927 /* AppDelegate.swift */,
				BC0234A62A8CDD6A0044A927 /* SceneDelegate.swift */,
				BC0234A82A8CDD6A0044A927 /* ViewController.swift */,
				BC0234BC2A8CF0D40044A927 /* DetailViewController.swift */,
				BC0234B82A8CE1430044A927 /* Petition.swift */,
				BC0234BA2A8CE1E70044A927 /* Petitions.swift */,
				BC0234AA2A8CDD6A0044A927 /* Main.storyboard */,
				BC0234AD2A8CDD6B0044A927 /* Assets.xcassets */,
				BC0234AF2A8CDD6B0044A927 /* LaunchScreen.storyboard */,
				BC0234B22A8CDD6B0044A927 /* Info.plist */,
			);
			path = petitionsProject;
			sourceTree = "<group>";
		};
/* End PBXGroup section */

/* Begin PBXNativeTarget section */
		BC0234A02A8CDD6A0044A927 /* petitionsProject */ = {
			isa = PBXNativeTarget;
			buildConfigurationList = BC0234B52A8CDD6B0044A927 /* Build configuration list for PBXNativeTarget "petitionsProject" */;
			buildPhases = (
				BC02349D2A8CDD6A0044A927 /* Sources */,
				BC02349E2A8CDD6A0044A927 /* Frameworks */,
				BC02349F2A8CDD6A0044A927 /* Resources */,
			);
			buildRules = (
			);
			dependencies = (
			);
			name = petitionsProject;
			productName = petitionsProject;
			productReference = BC0234A12A8CDD6A0044A927 /* petitionsProject.app */;
			productType = "com.apple.product-type.application";
		};
/* End PBXNativeTarget section */

/* Begin PBXProject section */
		BC0234992A8CDD6A0044A927 /* Project object */ = {
			isa = PBXProject;
			attributes = {
				BuildIndependentTargetsInParallel = 1;
				LastSwiftUpdateCheck = 1420;
				LastUpgradeCheck = 1420;
				TargetAttributes = {
					BC0234A02A8CDD6A0044A927 = {
						CreatedOnToolsVersion = 14.2;
					};
				};
			};
			buildConfigurationList = BC02349C2A8CDD6A0044A927 /* Build configuration list for PBXProject "petitionsProject" */;
			compatibilityVersion = "Xcode 14.0";
			developmentRegion = en;
			hasScannedForEncodings = 0;
			knownRegions = (
				en,
				Base,
			);
			mainGroup = BC0234982A8CDD6A0044A927;
			productRefGroup = BC0234A22A8CDD6A0044A927 /* Products */;
			projectDirPath = "";
			projectRoot = "";
			targets = (
				BC0234A02A8CDD6A0044A927 /* petitionsProject */,
			);
		};
/* End PBXProject section */

/* Begin PBXResourcesBuildPhase section */
		BC02349F2A8CDD6A0044A927 /* Resources */ = {
			isa = PBXResourcesBuildPhase;
			buildActionMask = 2147483647;
			files = (
				BC0234B12A8CDD6B0044A927 /* LaunchScreen.storyboard in Resources */,
				BC0234AE2A8CDD6B0044A927 /* Assets.xcassets in Resources */,
				BC0234AC2A8CDD6A0044A927 /* Main.storyboard in Resources */,
			);
			runOnlyForDeploymentPostprocessing = 0;
		};
/* End PBXResourcesBuildPhase section */

/* Begin PBXSourcesBuildPhase section */
		BC02349D2A8CDD6A0044A927 /* Sources */ = {
			isa = PBXSourcesBuildPhase;
			buildActionMask = 2147483647;
			files = (
				BC0234A92A8CDD6A0044A927 /* ViewController.swift in Sources */,
				BC0234B92A8CE1430044A927 /* Petition.swift in Sources */,
				BC0234A52A8CDD6A0044A927 /* AppDelegate.swift in Sources */,
				BC0234BD2A8CF0D40044A927 /* DetailViewController.swift in Sources */,
				BC0234A72A8CDD6A0044A927 /* SceneDelegate.swift in Sources */,
				BC0234BB2A8CE1E70044A927 /* Petitions.swift in Sources */,
			);
			runOnlyForDeploymentPostprocessing = 0;
		};
/* End PBXSourcesBuildPhase section */

/* Begin PBXVariantGroup section */
		BC0234AA2A8CDD6A0044A927 /* Main.storyboard */ = {
			isa = PBXVariantGroup;
			children = (
				BC0234AB2A8CDD6A0044A927 /* Base */,
			);
			name = Main.storyboard;
			sourceTree = "<group>";
		};
		BC0234AF2A8CDD6B0044A927 /* LaunchScreen.storyboard */ = {
			isa = PBXVariantGroup;
			children = (
				BC0234B02A8CDD6B0044A927 /* Base */,
			);
			name = LaunchScreen.storyboard;
			sourceTree = "<group>";
		};
/* End PBXVariantGroup section */

/* Begin XCBuildConfiguration section */
		BC0234B32A8CDD6B0044A927 /* Debug */ = {
			isa = XCBuildConfiguration;
			buildSettings = {
				ALWAYS_SEARCH_USER_PATHS = NO;
				CLANG_ANALYZER_NONNULL = YES;
				CLANG_ANALYZER_NUMBER_OBJECT_CONVERSION = YES_AGGRESSIVE;
				CLANG_CXX_LANGUAGE_STANDARD = "gnu++20";
				CLANG_ENABLE_MODULES = YES;
				CLANG_ENABLE_OBJC_ARC = YES;
				CLANG_ENABLE_OBJC_WEAK = YES;
				CLANG_WARN_BLOCK_CAPTURE_AUTORELEASING = YES;
				CLANG_WARN_BOOL_CONVERSION = YES;
				CLANG_WARN_COMMA = YES;
				CLANG_WARN_CONSTANT_CONVERSION = YES;
				CLANG_WARN_DEPRECATED_OBJC_IMPLEMENTATIONS = YES;
				CLANG_WARN_DIRECT_OBJC_ISA_USAGE = YES_ERROR;
				CLANG_WARN_DOCUMENTATION_COMMENTS = YES;
				CLANG_WARN_EMPTY_BODY = YES;
				CLANG_WARN_ENUM_CONVERSION = YES;
				CLANG_WARN_INFINITE_RECURSION = YES;
				CLANG_WARN_INT_CONVERSION = YES;
				CLANG_WARN_NON_LITERAL_NULL_CONVERSION = YES;
				CLANG_WARN_OBJC_IMPLICIT_RETAIN_SELF = YES;
				CLANG_WARN_OBJC_LITERAL_CONVERSION = YES;
				CLANG_WARN_OBJC_ROOT_CLASS = YES_ERROR;
				CLANG_WARN_QUOTED_INCLUDE_IN_FRAMEWORK_HEADER = YES;
				CLANG_WARN_RANGE_LOOP_ANALYSIS = YES;
				CLANG_WARN_STRICT_PROTOTYPES = YES;
				CLANG_WARN_SUSPICIOUS_MOVE = YES;
				CLANG_WARN_UNGUARDED_AVAILABILITY = YES_AGGRESSIVE;
				CLANG_WARN_UNREACHABLE_CODE = YES;
				CLANG_WARN__DUPLICATE_METHOD_MATCH = YES;
				COPY_PHASE_STRIP = NO;
				DEBUG_INFORMATION_FORMAT = dwarf;
				ENABLE_STRICT_OBJC_MSGSEND = YES;
				ENABLE_TESTABILITY = YES;
				GCC_C_LANGUAGE_STANDARD = gnu11;
				GCC_DYNAMIC_NO_PIC = NO;
				GCC_NO_COMMON_BLOCKS = YES;
				GCC_OPTIMIZATION_LEVEL = 0;
				GCC_PREPROCESSOR_DEFINITIONS = (
					"DEBUG=1",
					"$(inherited)",
				);
				GCC_WARN_64_TO_32_BIT_CONVERSION = YES;
				GCC_WARN_ABOUT_RETURN_TYPE = YES_ERROR;
				GCC_WARN_UNDECLARED_SELECTOR = YES;
				GCC_WARN_UNINITIALIZED_AUTOS = YES_AGGRESSIVE;
				GCC_WARN_UNUSED_FUNCTION = YES;
				GCC_WARN_UNUSED_VARIABLE = YES;
				IPHONEOS_DEPLOYMENT_TARGET = 16.2;
				MTL_ENABLE_DEBUG_INFO = INCLUDE_SOURCE;
				MTL_FAST_MATH = YES;
				ONLY_ACTIVE_ARCH = YES;
				SDKROOT = iphoneos;
				SWIFT_ACTIVE_COMPILATION_CONDITIONS = DEBUG;
				SWIFT_OPTIMIZATION_LEVEL = "-Onone";
			};
			name = Debug;
		};
		BC0234B42A8CDD6B0044A927 /* Release */ = {
			isa = XCBuildConfiguration;
			buildSettings = {
				ALWAYS_SEARCH_USER_PATHS = NO;
				CLANG_ANALYZER_NONNULL = YES;
				CLANG_ANALYZER_NUMBER_OBJECT_CONVERSION = YES_AGGRESSIVE;
				CLANG_CXX_LANGUAGE_STANDARD = "gnu++20";
				CLANG_ENABLE_MODULES = YES;
				CLANG_ENABLE_OBJC_ARC = YES;
				CLANG_ENABLE_OBJC_WEAK = YES;
				CLANG_WARN_BLOCK_CAPTURE_AUTORELEASING = YES;
				CLANG_WARN_BOOL_CONVERSION = YES;
				CLANG_WARN_COMMA = YES;
				CLANG_WARN_CONSTANT_CONVERSION = YES;
				CLANG_WARN_DEPRECATED_OBJC_IMPLEMENTATIONS = YES;
				CLANG_WARN_DIRECT_OBJC_ISA_USAGE = YES_ERROR;
				CLANG_WARN_DOCUMENTATION_COMMENTS = YES;
				CLANG_WARN_EMPTY_BODY = YES;
				CLANG_WARN_ENUM_CONVERSION = YES;
				CLANG_WARN_INFINITE_RECURSION = YES;
				CLANG_WARN_INT_CONVERSION = YES;
				CLANG_WARN_NON_LITERAL_NULL_CONVERSION = YES;
				CLANG_WARN_OBJC_IMPLICIT_RETAIN_SELF = YES;
				CLANG_WARN_OBJC_LITERAL_CONVERSION = YES;
				CLANG_WARN_OBJC_ROOT_CLASS = YES_ERROR;
				CLANG_WARN_QUOTED_INCLUDE_IN_FRAMEWORK_HEADER = YES;
				CLANG_WARN_RANGE_LOOP_ANALYSIS = YES;
				CLANG_WARN_STRICT_PROTOTYPES = YES;
				CLANG_WARN_SUSPICIOUS_MOVE = YES;
				CLANG_WARN_UNGUARDED_AVAILABILITY = YES_AGGRESSIVE;
				CLANG_WARN_UNREACHABLE_CODE = YES;
				CLANG_WARN__DUPLICATE_METHOD_MATCH = YES;
				COPY_PHASE_STRIP = NO;
				DEBUG_INFORMATION_FORMAT = "dwarf-with-dsym";
				ENABLE_NS_ASSERTIONS = NO;
				ENABLE_STRICT_OBJC_MSGSEND = YES;
				GCC_C_LANGUAGE_STANDARD = gnu11;
				GCC_NO_COMMON_BLOCKS = YES;
				GCC_WARN_64_TO_32_BIT_CONVERSION = YES;
				GCC_WARN_ABOUT_RETURN_TYPE = YES_ERROR;
				GCC_WARN_UNDECLARED_SELECTOR = YES;
				GCC_WARN_UNINITIALIZED_AUTOS = YES_AGGRESSIVE;
				GCC_WARN_UNUSED_FUNCTION = YES;
				GCC_WARN_UNUSED_VARIABLE = YES;
				IPHONEOS_DEPLOYMENT_TARGET = 16.2;
				MTL_ENABLE_DEBUG_INFO = NO;
				MTL_FAST_MATH = YES;
				SDKROOT = iphoneos;
				SWIFT_COMPILATION_MODE = wholemodule;
				SWIFT_OPTIMIZATION_LEVEL = "-O";
				VALIDATE_PRODUCT = YES;
			};
			name = Release;
		};
		BC0234B62A8CDD6B0044A927 /* Debug */ = {
			isa = XCBuildConfiguration;
			buildSettings = {
				ASSETCATALOG_COMPILER_APPICON_NAME = AppIcon;
				ASSETCATALOG_COMPILER_GLOBAL_ACCENT_COLOR_NAME = AccentColor;
				CODE_SIGN_STYLE = Automatic;
				CURRENT_PROJECT_VERSION = 1;
				DEVELOPMENT_TEAM = Y9LPAKA88K;
				GENERATE_INFOPLIST_FILE = YES;
				INFOPLIST_FILE = petitionsProject/Info.plist;
				INFOPLIST_KEY_UIApplicationSupportsIndirectInputEvents = YES;
				INFOPLIST_KEY_UILaunchStoryboardName = LaunchScreen;
				INFOPLIST_KEY_UIMainStoryboardFile = Main;
				INFOPLIST_KEY_UISupportedInterfaceOrientations_iPad = "UIInterfaceOrientationPortrait UIInterfaceOrientationPortraitUpsideDown UIInterfaceOrientationLandscapeLeft UIInterfaceOrientationLandscapeRight";
				INFOPLIST_KEY_UISupportedInterfaceOrientations_iPhone = "UIInterfaceOrientationPortrait UIInterfaceOrientationLandscapeLeft UIInterfaceOrientationLandscapeRight";
				LD_RUNPATH_SEARCH_PATHS = (
					"$(inherited)",
					"@executable_path/Frameworks",
				);
				MARKETING_VERSION = 1.0;
				PRODUCT_BUNDLE_IDENTIFIER = com.talhademirkan.petitionsProject;
				PRODUCT_NAME = "$(TARGET_NAME)";
				SWIFT_EMIT_LOC_STRINGS = YES;
				SWIFT_VERSION = 5.0;
				TARGETED_DEVICE_FAMILY = "1,2";
			};
			name = Debug;
		};
		BC0234B72A8CDD6B0044A927 /* Release */ = {
			isa = XCBuildConfiguration;
			buildSettings = {
				ASSETCATALOG_COMPILER_APPICON_NAME = AppIcon;
				ASSETCATALOG_COMPILER_GLOBAL_ACCENT_COLOR_NAME = AccentColor;
				CODE_SIGN_STYLE = Automatic;
				CURRENT_PROJECT_VERSION = 1;
				DEVELOPMENT_TEAM = Y9LPAKA88K;
				GENERATE_INFOPLIST_FILE = YES;
				INFOPLIST_FILE = petitionsProject/Info.plist;
				INFOPLIST_KEY_UIApplicationSupportsIndirectInputEvents = YES;
				INFOPLIST_KEY_UILaunchStoryboardName = LaunchScreen;
				INFOPLIST_KEY_UIMainStoryboardFile = Main;
				INFOPLIST_KEY_UISupportedInterfaceOrientations_iPad = "UIInterfaceOrientationPortrait UIInterfaceOrientationPortraitUpsideDown UIInterfaceOrientationLandscapeLeft UIInterfaceOrientationLandscapeRight";
				INFOPLIST_KEY_UISupportedInterfaceOrientations_iPhone = "UIInterfaceOrientationPortrait UIInterfaceOrientationLandscapeLeft UIInterfaceOrientationLandscapeRight";
				LD_RUNPATH_SEARCH_PATHS = (
					"$(inherited)",
					"@executable_path/Frameworks",
				);
				MARKETING_VERSION = 1.0;
				PRODUCT_BUNDLE_IDENTIFIER = com.talhademirkan.petitionsProject;
				PRODUCT_NAME = "$(TARGET_NAME)";
				SWIFT_EMIT_LOC_STRINGS = YES;
				SWIFT_VERSION = 5.0;
				TARGETED_DEVICE_FAMILY = "1,2";
			};
			name = Release;
		};
/* End XCBuildConfiguration section */

/* Begin XCConfigurationList section */
		BC02349C2A8CDD6A0044A927 /* Build configuration list for PBXProject "petitionsProject" */ = {
			isa = XCConfigurationList;
			buildConfigurations = (
				BC0234B32A8CDD6B0044A927 /* Debug */,
				BC0234B42A8CDD6B0044A927 /* Release */,
			);
			defaultConfigurationIsVisible = 0;
			defaultConfigurationName = Release;
		};
		BC0234B52A8CDD6B0044A927 /* Build configuration list for PBXNativeTarget "petitionsProject" */ = {
			isa = XCConfigurationList;
			buildConfigurations = (
				BC0234B62A8CDD6B0044A927 /* Debug */,
				BC0234B72A8CDD6B0044A927 /* Release */,
			);
			defaultConfigurationIsVisible = 0;
			defaultConfigurationName = Release;
		};
/* End XCConfigurationList section */
	};
	rootObject = BC0234992A8CDD6A0044A927 /* Project object */;
}
