// !$*UTF8*$!
{
	archiveVersion = 1;
	classes = {
	};
	objectVersion = 56;
	objects = {

/* Begin PBXBuildFile section */
		BC1EF2992ADC247C004C8473 /* AppDelegate.swift in Sources */ = {isa = PBXBuildFile; fileRef = BC1EF2982ADC247C004C8473 /* AppDelegate.swift */; };
		BC1EF29B2ADC247C004C8473 /* SceneDelegate.swift in Sources */ = {isa = PBXBuildFile; fileRef = BC1EF29A2ADC247C004C8473 /* SceneDelegate.swift */; };
		BC1EF29D2ADC247C004C8473 /* ViewController.swift in Sources */ = {isa = PBXBuildFile; fileRef = BC1EF29C2ADC247C004C8473 /* ViewController.swift */; };
		BC1EF2A02ADC247C004C8473 /* Main.storyboard in Resources */ = {isa = PBXBuildFile; fileRef = BC1EF29E2ADC247C004C8473 /* Main.storyboard */; };
		BC1EF2A32ADC247C004C8473 /* locationBook.xcdatamodeld in Sources */ = {isa = PBXBuildFile; fileRef = BC1EF2A12ADC247C004C8473 /* locationBook.xcdatamodeld */; };
		BC1EF2A52ADC247D004C8473 /* Assets.xcassets in Resources */ = {isa = PBXBuildFile; fileRef = BC1EF2A42ADC247D004C8473 /* Assets.xcassets */; };
		BC1EF2A82ADC247D004C8473 /* LaunchScreen.storyboard in Resources */ = {isa = PBXBuildFile; fileRef = BC1EF2A62ADC247D004C8473 /* LaunchScreen.storyboard */; };
		BC6DFB302ADEAD2C00369EF9 /* SavedPlacesListViewController.swift in Sources */ = {isa = PBXBuildFile; fileRef = BC6DFB2F2ADEAD2C00369EF9 /* SavedPlacesListViewController.swift */; };
/* End PBXBuildFile section */

/* Begin PBXFileReference section */
		BC1EF2952ADC247C004C8473 /* locationBook.app */ = {isa = PBXFileReference; explicitFileType = wrapper.application; includeInIndex = 0; path = locationBook.app; sourceTree = BUILT_PRODUCTS_DIR; };
		BC1EF2982ADC247C004C8473 /* AppDelegate.swift */ = {isa = PBXFileReference; lastKnownFileType = sourcecode.swift; path = AppDelegate.swift; sourceTree = "<group>"; };
		BC1EF29A2ADC247C004C8473 /* SceneDelegate.swift */ = {isa = PBXFileReference; lastKnownFileType = sourcecode.swift; path = SceneDelegate.swift; sourceTree = "<group>"; };
		BC1EF29C2ADC247C004C8473 /* ViewController.swift */ = {isa = PBXFileReference; lastKnownFileType = sourcecode.swift; path = ViewController.swift; sourceTree = "<group>"; };
		BC1EF29F2ADC247C004C8473 /* Base */ = {isa = PBXFileReference; lastKnownFileType = file.storyboard; name = Base; path = Base.lproj/Main.storyboard; sourceTree = "<group>"; };
		BC1EF2A22ADC247C004C8473 /* locationBook.xcdatamodel */ = {isa = PBXFileReference; lastKnownFileType = wrapper.xcdatamodel; path = locationBook.xcdatamodel; sourceTree = "<group>"; };
		BC1EF2A42ADC247D004C8473 /* Assets.xcassets */ = {isa = PBXFileReference; lastKnownFileType = folder.assetcatalog; path = Assets.xcassets; sourceTree = "<group>"; };
		BC1EF2A72ADC247D004C8473 /* Base */ = {isa = PBXFileReference; lastKnownFileType = file.storyboard; name = Base; path = Base.lproj/LaunchScreen.storyboard; sourceTree = "<group>"; };
		BC1EF2A92ADC247D004C8473 /* Info.plist */ = {isa = PBXFileReference; lastKnownFileType = text.plist.xml; path = Info.plist; sourceTree = "<group>"; };
		BC6DFB2F2ADEAD2C00369EF9 /* SavedPlacesListViewController.swift */ = {isa = PBXFileReference; lastKnownFileType = sourcecode.swift; path = SavedPlacesListViewController.swift; sourceTree = "<group>"; };
/* End PBXFileReference section */

/* Begin PBXFrameworksBuildPhase section */
		BC1EF2922ADC247C004C8473 /* Frameworks */ = {
			isa = PBXFrameworksBuildPhase;
			buildActionMask = 2147483647;
			files = (
			);
			runOnlyForDeploymentPostprocessing = 0;
		};
/* End PBXFrameworksBuildPhase section */

/* Begin PBXGroup section */
		BC1EF28C2ADC247C004C8473 = {
			isa = PBXGroup;
			children = (
				BC1EF2972ADC247C004C8473 /* locationBook */,
				BC1EF2962ADC247C004C8473 /* Products */,
			);
			sourceTree = "<group>";
		};
		BC1EF2962ADC247C004C8473 /* Products */ = {
			isa = PBXGroup;
			children = (
				BC1EF2952ADC247C004C8473 /* locationBook.app */,
			);
			name = Products;
			sourceTree = "<group>";
		};
		BC1EF2972ADC247C004C8473 /* locationBook */ = {
			isa = PBXGroup;
			children = (
				BC1EF2982ADC247C004C8473 /* AppDelegate.swift */,
				BC1EF29A2ADC247C004C8473 /* SceneDelegate.swift */,
				BC1EF29C2ADC247C004C8473 /* ViewController.swift */,
				BC6DFB2F2ADEAD2C00369EF9 /* SavedPlacesListViewController.swift */,
				BC1EF29E2ADC247C004C8473 /* Main.storyboard */,
				BC1EF2A42ADC247D004C8473 /* Assets.xcassets */,
				BC1EF2A62ADC247D004C8473 /* LaunchScreen.storyboard */,
				BC1EF2A92ADC247D004C8473 /* Info.plist */,
				BC1EF2A12ADC247C004C8473 /* locationBook.xcdatamodeld */,
			);
			path = locationBook;
			sourceTree = "<group>";
		};
/* End PBXGroup section */

/* Begin PBXNativeTarget section */
		BC1EF2942ADC247C004C8473 /* locationBook */ = {
			isa = PBXNativeTarget;
			buildConfigurationList = BC1EF2AC2ADC247D004C8473 /* Build configuration list for PBXNativeTarget "locationBook" */;
			buildPhases = (
				BC1EF2912ADC247C004C8473 /* Sources */,
				BC1EF2922ADC247C004C8473 /* Frameworks */,
				BC1EF2932ADC247C004C8473 /* Resources */,
			);
			buildRules = (
			);
			dependencies = (
			);
			name = locationBook;
			productName = locationBook;
			productReference = BC1EF2952ADC247C004C8473 /* locationBook.app */;
			productType = "com.apple.product-type.application";
		};
/* End PBXNativeTarget section */

/* Begin PBXProject section */
		BC1EF28D2ADC247C004C8473 /* Project object */ = {
			isa = PBXProject;
			attributes = {
				BuildIndependentTargetsInParallel = 1;
				LastSwiftUpdateCheck = 1420;
				LastUpgradeCheck = 1420;
				TargetAttributes = {
					BC1EF2942ADC247C004C8473 = {
						CreatedOnToolsVersion = 14.2;
					};
				};
			};
			buildConfigurationList = BC1EF2902ADC247C004C8473 /* Build configuration list for PBXProject "locationBook" */;
			compatibilityVersion = "Xcode 14.0";
			developmentRegion = en;
			hasScannedForEncodings = 0;
			knownRegions = (
				en,
				Base,
			);
			mainGroup = BC1EF28C2ADC247C004C8473;
			productRefGroup = BC1EF2962ADC247C004C8473 /* Products */;
			projectDirPath = "";
			projectRoot = "";
			targets = (
				BC1EF2942ADC247C004C8473 /* locationBook */,
			);
		};
/* End PBXProject section */

/* Begin PBXResourcesBuildPhase section */
		BC1EF2932ADC247C004C8473 /* Resources */ = {
			isa = PBXResourcesBuildPhase;
			buildActionMask = 2147483647;
			files = (
				BC1EF2A82ADC247D004C8473 /* LaunchScreen.storyboard in Resources */,
				BC1EF2A52ADC247D004C8473 /* Assets.xcassets in Resources */,
				BC1EF2A02ADC247C004C8473 /* Main.storyboard in Resources */,
			);
			runOnlyForDeploymentPostprocessing = 0;
		};
/* End PBXResourcesBuildPhase section */

/* Begin PBXSourcesBuildPhase section */
		BC1EF2912ADC247C004C8473 /* Sources */ = {
			isa = PBXSourcesBuildPhase;
			buildActionMask = 2147483647;
			files = (
				BC6DFB302ADEAD2C00369EF9 /* SavedPlacesListViewController.swift in Sources */,
				BC1EF29D2ADC247C004C8473 /* ViewController.swift in Sources */,
				BC1EF2A32ADC247C004C8473 /* locationBook.xcdatamodeld in Sources */,
				BC1EF2992ADC247C004C8473 /* AppDelegate.swift in Sources */,
				BC1EF29B2ADC247C004C8473 /* SceneDelegate.swift in Sources */,
			);
			runOnlyForDeploymentPostprocessing = 0;
		};
/* End PBXSourcesBuildPhase section */

/* Begin PBXVariantGroup section */
		BC1EF29E2ADC247C004C8473 /* Main.storyboard */ = {
			isa = PBXVariantGroup;
			children = (
				BC1EF29F2ADC247C004C8473 /* Base */,
			);
			name = Main.storyboard;
			sourceTree = "<group>";
		};
		BC1EF2A62ADC247D004C8473 /* LaunchScreen.storyboard */ = {
			isa = PBXVariantGroup;
			children = (
				BC1EF2A72ADC247D004C8473 /* Base */,
			);
			name = LaunchScreen.storyboard;
			sourceTree = "<group>";
		};
/* End PBXVariantGroup section */

/* Begin XCBuildConfiguration section */
		BC1EF2AA2ADC247D004C8473 /* Debug */ = {
			isa = XCBuildConfiguration;
			buildSettings = {
				ALWAYS_SEARCH_USER_PATHS = NO;
				CLANG_ANALYZER_NONNULL = YES;
				CLANG_ANALYZER_NUMBER_OBJECT_CONVERSION = YES_AGGRESSIVE;
				CLANG_CXX_LANGUAGE_STANDARD = "gnu++20";
				CLANG_ENABLE_MODULES = YES;
				CLANG_ENABLE_OBJC_ARC = YES;
				CLANG_ENABLE_OBJC_WEAK = YES;
				CLANG_WARN_BLOCK_CAPTURE_AUTORELEASING = YES;
				CLANG_WARN_BOOL_CONVERSION = YES;
				CLANG_WARN_COMMA = YES;
				CLANG_WARN_CONSTANT_CONVERSION = YES;
				CLANG_WARN_DEPRECATED_OBJC_IMPLEMENTATIONS = YES;
				CLANG_WARN_DIRECT_OBJC_ISA_USAGE = YES_ERROR;
				CLANG_WARN_DOCUMENTATION_COMMENTS = YES;
				CLANG_WARN_EMPTY_BODY = YES;
				CLANG_WARN_ENUM_CONVERSION = YES;
				CLANG_WARN_INFINITE_RECURSION = YES;
				CLANG_WARN_INT_CONVERSION = YES;
				CLANG_WARN_NON_LITERAL_NULL_CONVERSION = YES;
				CLANG_WARN_OBJC_IMPLICIT_RETAIN_SELF = YES;
				CLANG_WARN_OBJC_LITERAL_CONVERSION = YES;
				CLANG_WARN_OBJC_ROOT_CLASS = YES_ERROR;
				CLANG_WARN_QUOTED_INCLUDE_IN_FRAMEWORK_HEADER = YES;
				CLANG_WARN_RANGE_LOOP_ANALYSIS = YES;
				CLANG_WARN_STRICT_PROTOTYPES = YES;
				CLANG_WARN_SUSPICIOUS_MOVE = YES;
				CLANG_WARN_UNGUARDED_AVAILABILITY = YES_AGGRESSIVE;
				CLANG_WARN_UNREACHABLE_CODE = YES;
				CLANG_WARN__DUPLICATE_METHOD_MATCH = YES;
				COPY_PHASE_STRIP = NO;
				DEBUG_INFORMATION_FORMAT = dwarf;
				ENABLE_STRICT_OBJC_MSGSEND = YES;
				ENABLE_TESTABILITY = YES;
				GCC_C_LANGUAGE_STANDARD = gnu11;
				GCC_DYNAMIC_NO_PIC = NO;
				GCC_NO_COMMON_BLOCKS = YES;
				GCC_OPTIMIZATION_LEVEL = 0;
				GCC_PREPROCESSOR_DEFINITIONS = (
					"DEBUG=1",
					"$(inherited)",
				);
				GCC_WARN_64_TO_32_BIT_CONVERSION = YES;
				GCC_WARN_ABOUT_RETURN_TYPE = YES_ERROR;
				GCC_WARN_UNDECLARED_SELECTOR = YES;
				GCC_WARN_UNINITIALIZED_AUTOS = YES_AGGRESSIVE;
				GCC_WARN_UNUSED_FUNCTION = YES;
				GCC_WARN_UNUSED_VARIABLE = YES;
				IPHONEOS_DEPLOYMENT_TARGET = 16.2;
				MTL_ENABLE_DEBUG_INFO = INCLUDE_SOURCE;
				MTL_FAST_MATH = YES;
				ONLY_ACTIVE_ARCH = YES;
				SDKROOT = iphoneos;
				SWIFT_ACTIVE_COMPILATION_CONDITIONS = DEBUG;
				SWIFT_OPTIMIZATION_LEVEL = "-Onone";
			};
			name = Debug;
		};
		BC1EF2AB2ADC247D004C8473 /* Release */ = {
			isa = XCBuildConfiguration;
			buildSettings = {
				ALWAYS_SEARCH_USER_PATHS = NO;
				CLANG_ANALYZER_NONNULL = YES;
				CLANG_ANALYZER_NUMBER_OBJECT_CONVERSION = YES_AGGRESSIVE;
				CLANG_CXX_LANGUAGE_STANDARD = "gnu++20";
				CLANG_ENABLE_MODULES = YES;
				CLANG_ENABLE_OBJC_ARC = YES;
				CLANG_ENABLE_OBJC_WEAK = YES;
				CLANG_WARN_BLOCK_CAPTURE_AUTORELEASING = YES;
				CLANG_WARN_BOOL_CONVERSION = YES;
				CLANG_WARN_COMMA = YES;
				CLANG_WARN_CONSTANT_CONVERSION = YES;
				CLANG_WARN_DEPRECATED_OBJC_IMPLEMENTATIONS = YES;
				CLANG_WARN_DIRECT_OBJC_ISA_USAGE = YES_ERROR;
				CLANG_WARN_DOCUMENTATION_COMMENTS = YES;
				CLANG_WARN_EMPTY_BODY = YES;
				CLANG_WARN_ENUM_CONVERSION = YES;
				CLANG_WARN_INFINITE_RECURSION = YES;
				CLANG_WARN_INT_CONVERSION = YES;
				CLANG_WARN_NON_LITERAL_NULL_CONVERSION = YES;
				CLANG_WARN_OBJC_IMPLICIT_RETAIN_SELF = YES;
				CLANG_WARN_OBJC_LITERAL_CONVERSION = YES;
				CLANG_WARN_OBJC_ROOT_CLASS = YES_ERROR;
				CLANG_WARN_QUOTED_INCLUDE_IN_FRAMEWORK_HEADER = YES;
				CLANG_WARN_RANGE_LOOP_ANALYSIS = YES;
				CLANG_WARN_STRICT_PROTOTYPES = YES;
				CLANG_WARN_SUSPICIOUS_MOVE = YES;
				CLANG_WARN_UNGUARDED_AVAILABILITY = YES_AGGRESSIVE;
				CLANG_WARN_UNREACHABLE_CODE = YES;
				CLANG_WARN__DUPLICATE_METHOD_MATCH = YES;
				COPY_PHASE_STRIP = NO;
				DEBUG_INFORMATION_FORMAT = "dwarf-with-dsym";
				ENABLE_NS_ASSERTIONS = NO;
				ENABLE_STRICT_OBJC_MSGSEND = YES;
				GCC_C_LANGUAGE_STANDARD = gnu11;
				GCC_NO_COMMON_BLOCKS = YES;
				GCC_WARN_64_TO_32_BIT_CONVERSION = YES;
				GCC_WARN_ABOUT_RETURN_TYPE = YES_ERROR;
				GCC_WARN_UNDECLARED_SELECTOR = YES;
				GCC_WARN_UNINITIALIZED_AUTOS = YES_AGGRESSIVE;
				GCC_WARN_UNUSED_FUNCTION = YES;
				GCC_WARN_UNUSED_VARIABLE = YES;
				IPHONEOS_DEPLOYMENT_TARGET = 16.2;
				MTL_ENABLE_DEBUG_INFO = NO;
				MTL_FAST_MATH = YES;
				SDKROOT = iphoneos;
				SWIFT_COMPILATION_MODE = wholemodule;
				SWIFT_OPTIMIZATION_LEVEL = "-O";
				VALIDATE_PRODUCT = YES;
			};
			name = Release;
		};
		BC1EF2AD2ADC247D004C8473 /* Debug */ = {
			isa = XCBuildConfiguration;
			buildSettings = {
				ASSETCATALOG_COMPILER_APPICON_NAME = AppIcon;
				ASSETCATALOG_COMPILER_GLOBAL_ACCENT_COLOR_NAME = AccentColor;
				CODE_SIGN_STYLE = Automatic;
				CURRENT_PROJECT_VERSION = 1;
				DEVELOPMENT_TEAM = Y9LPAKA88K;
				GENERATE_INFOPLIST_FILE = YES;
				INFOPLIST_FILE = locationBook/Info.plist;
				INFOPLIST_KEY_UIApplicationSupportsIndirectInputEvents = YES;
				INFOPLIST_KEY_UILaunchStoryboardName = LaunchScreen;
				INFOPLIST_KEY_UIMainStoryboardFile = Main;
				INFOPLIST_KEY_UISupportedInterfaceOrientations_iPad = "UIInterfaceOrientationPortrait UIInterfaceOrientationPortraitUpsideDown UIInterfaceOrientationLandscapeLeft UIInterfaceOrientationLandscapeRight";
				INFOPLIST_KEY_UISupportedInterfaceOrientations_iPhone = "UIInterfaceOrientationPortrait UIInterfaceOrientationLandscapeLeft UIInterfaceOrientationLandscapeRight";
				LD_RUNPATH_SEARCH_PATHS = (
					"$(inherited)",
					"@executable_path/Frameworks",
				);
				MARKETING_VERSION = 1.0;
				PRODUCT_BUNDLE_IDENTIFIER = com.talhademirkan.locationBook;
				PRODUCT_NAME = "$(TARGET_NAME)";
				SWIFT_EMIT_LOC_STRINGS = YES;
				SWIFT_VERSION = 5.0;
				TARGETED_DEVICE_FAMILY = "1,2";
			};
			name = Debug;
		};
		BC1EF2AE2ADC247D004C8473 /* Release */ = {
			isa = XCBuildConfiguration;
			buildSettings = {
				ASSETCATALOG_COMPILER_APPICON_NAME = AppIcon;
				ASSETCATALOG_COMPILER_GLOBAL_ACCENT_COLOR_NAME = AccentColor;
				CODE_SIGN_STYLE = Automatic;
				CURRENT_PROJECT_VERSION = 1;
				DEVELOPMENT_TEAM = Y9LPAKA88K;
				GENERATE_INFOPLIST_FILE = YES;
				INFOPLIST_FILE = locationBook/Info.plist;
				INFOPLIST_KEY_UIApplicationSupportsIndirectInputEvents = YES;
				INFOPLIST_KEY_UILaunchStoryboardName = LaunchScreen;
				INFOPLIST_KEY_UIMainStoryboardFile = Main;
				INFOPLIST_KEY_UISupportedInterfaceOrientations_iPad = "UIInterfaceOrientationPortrait UIInterfaceOrientationPortraitUpsideDown UIInterfaceOrientationLandscapeLeft UIInterfaceOrientationLandscapeRight";
				INFOPLIST_KEY_UISupportedInterfaceOrientations_iPhone = "UIInterfaceOrientationPortrait UIInterfaceOrientationLandscapeLeft UIInterfaceOrientationLandscapeRight";
				LD_RUNPATH_SEARCH_PATHS = (
					"$(inherited)",
					"@executable_path/Frameworks",
				);
				MARKETING_VERSION = 1.0;
				PRODUCT_BUNDLE_IDENTIFIER = com.talhademirkan.locationBook;
				PRODUCT_NAME = "$(TARGET_NAME)";
				SWIFT_EMIT_LOC_STRINGS = YES;
				SWIFT_VERSION = 5.0;
				TARGETED_DEVICE_FAMILY = "1,2";
			};
			name = Release;
		};
/* End XCBuildConfiguration section */

/* Begin XCConfigurationList section */
		BC1EF2902ADC247C004C8473 /* Build configuration list for PBXProject "locationBook" */ = {
			isa = XCConfigurationList;
			buildConfigurations = (
				BC1EF2AA2ADC247D004C8473 /* Debug */,
				BC1EF2AB2ADC247D004C8473 /* Release */,
			);
			defaultConfigurationIsVisible = 0;
			defaultConfigurationName = Release;
		};
		BC1EF2AC2ADC247D004C8473 /* Build configuration list for PBXNativeTarget "locationBook" */ = {
			isa = XCConfigurationList;
			buildConfigurations = (
				BC1EF2AD2ADC247D004C8473 /* Debug */,
				BC1EF2AE2ADC247D004C8473 /* Release */,
			);
			defaultConfigurationIsVisible = 0;
			defaultConfigurationName = Release;
		};
/* End XCConfigurationList section */

/* Begin XCVersionGroup section */
		BC1EF2A12ADC247C004C8473 /* locationBook.xcdatamodeld */ = {
			isa = XCVersionGroup;
			children = (
				BC1EF2A22ADC247C004C8473 /* locationBook.xcdatamodel */,
			);
			currentVersion = BC1EF2A22ADC247C004C8473 /* locationBook.xcdatamodel */;
			path = locationBook.xcdatamodeld;
			sourceTree = "<group>";
			versionGroupType = wrapper.xcdatamodel;
		};
/* End XCVersionGroup section */
	};
	rootObject = BC1EF28D2ADC247C004C8473 /* Project object */;
}
